
Microsoft Visual Studio Solution File, Format Version 12.00
# Visual Studio Version 17
VisualStudioVersion = 17.11.35017.193
MinimumVisualStudioVersion = 10.0.40219.1
Project("{9A19103F-16F7-4668-BE54-9A1E7A4F7556}") = "KTRegistration.API", "KTRegistration.API\KTRegistration.API.csproj", "{4A441936-6303-450B-BCAF-B904D18486F4}"
EndProject
Project("{9A19103F-16F7-4668-BE54-9A1E7A4F7556}") = "KTRegistration.Core", "KTRegistration.Core\KTRegistration.Core.csproj", "{190FA41C-3492-4F0A-BBB0-605D10D3FE4A}"
EndProject
Project("{9A19103F-16F7-4668-BE54-9A1E7A4F7556}") = "KTRegistration.Infrastructure", "KTRegistration.Infrastructure\KTRegistration.Infrastructure.csproj", "{1A7DECA0-7DEE-468F-BB76-F442E525A42F}"
EndProject
Project("{FAE04EC0-301F-11D3-BF4B-00C04F79EFBC}") = "KTRegistration.Application", "KTRegistration.Application\KTRegistration.Application.csproj", "{01F69816-359C-4452-8749-47ACBA080655}"
EndProject
Global
	GlobalSection(SolutionConfigurationPlatforms) = preSolution
		Debug|Any CPU = Debug|Any CPU
		Release|Any CPU = Release|Any CPU
	EndGlobalSection
	GlobalSection(ProjectConfigurationPlatforms) = postSolution
		{4A441936-6303-450B-BCAF-B904D18486F4}.Debug|Any CPU.ActiveCfg = Debug|Any CPU
		{4A441936-6303-450B-BCAF-B904D18486F4}.Debug|Any CPU.Build.0 = Debug|Any CPU
		{4A441936-6303-450B-BCAF-B904D18486F4}.Release|Any CPU.ActiveCfg = Release|Any CPU
		{4A441936-6303-450B-BCAF-B904D18486F4}.Release|Any CPU.Build.0 = Release|Any CPU
		{190FA41C-3492-4F0A-BBB0-605D10D3FE4A}.Debug|Any CPU.ActiveCfg = Debug|Any CPU
		{190FA41C-3492-4F0A-BBB0-605D10D3FE4A}.Debug|Any CPU.Build.0 = Debug|Any CPU
		{190FA41C-3492-4F0A-BBB0-605D10D3FE4A}.Release|Any CPU.ActiveCfg = Release|Any CPU
		{190FA41C-3492-4F0A-BBB0-605D10D3FE4A}.Release|Any CPU.Build.0 = Release|Any CPU
		{1A7DECA0-7DEE-468F-BB76-F442E525A42F}.Debug|Any CPU.ActiveCfg = Debug|Any CPU
		{1A7DECA0-7DEE-468F-BB76-F442E525A42F}.Debug|Any CPU.Build.0 = Debug|Any CPU
		{1A7DECA0-7DEE-468F-BB76-F442E525A42F}.Release|Any CPU.ActiveCfg = Release|Any CPU
		{1A7DECA0-7DEE-468F-BB76-F442E525A42F}.Release|Any CPU.Build.0 = Release|Any CPU
		{01F69816-359C-4452-8749-47ACBA080655}.Debug|Any CPU.ActiveCfg = Debug|Any CPU
		{01F69816-359C-4452-8749-47ACBA080655}.Debug|Any CPU.Build.0 = Debug|Any CPU
		{01F69816-359C-4452-8749-47ACBA080655}.Release|Any CPU.ActiveCfg = Release|Any CPU
		{01F69816-359C-4452-8749-47ACBA080655}.Release|Any CPU.Build.0 = Release|Any CPU
	EndGlobalSection
	GlobalSection(SolutionProperties) = preSolution
		HideSolutionNode = FALSE
	EndGlobalSection
	GlobalSection(ExtensibilityGlobals) = postSolution
		SolutionGuid = {F2EA6891-647B-41AC-822D-1FCD56374471}
	EndGlobalSection
EndGlobal
